
Microsoft Visual Studio Solution File, Format Version 12.00
# Visual Studio 14
VisualStudioVersion = 14.0.25420.1
MinimumVisualStudioVersion = 10.0.40219.1
Project("{2150E333-8FDC-42A3-9474-1A3956D46DE8}") = "src", "src", "{2ECA88BE-4CD7-427E-AEC2-4FB4CA33997E}"
EndProject
Project("{2150E333-8FDC-42A3-9474-1A3956D46DE8}") = "Solution Items", "Solution Items", "{0ADFCD9B-775D-43F5-B3F8-2F7F22A3A6BD}"
	ProjectSection(SolutionItems) = preProject
		global.json = global.json
	EndProjectSection
EndProject
Project("{8BB2217D-0F2D-49D1-97BC-3654ED321F3B}") = "LogResReqMiddleware", "src\LogResReqMiddleware\LogResReqMiddleware.xproj", "{9D85ACF2-A68C-4A04-991C-640F6B280F7F}"
EndProject
Project("{8BB2217D-0F2D-49D1-97BC-3654ED321F3B}") = "LogResReqMiddleware.UnitTest", "src\LogResReqMiddleware.UnitTest\LogResReqMiddleware.UnitTest.xproj", "{24934075-31A4-4FC9-9F28-58C0FC8BC79D}"
EndProject
Project("{8BB2217D-0F2D-49D1-97BC-3654ED321F3B}") = "LogResReqMiddleware.Demo", "src\LogResReqMiddleware.Demo\LogResReqMiddleware.Demo.xproj", "{CF8CDE3B-8416-4293-B215-355F772F47D6}"
EndProject
Global
	GlobalSection(SolutionConfigurationPlatforms) = preSolution
		Debug|Any CPU = Debug|Any CPU
		Release|Any CPU = Release|Any CPU
	EndGlobalSection
	GlobalSection(ProjectConfigurationPlatforms) = postSolution
		{9D85ACF2-A68C-4A04-991C-640F6B280F7F}.Debug|Any CPU.ActiveCfg = Debug|Any CPU
		{9D85ACF2-A68C-4A04-991C-640F6B280F7F}.Debug|Any CPU.Build.0 = Debug|Any CPU
		{9D85ACF2-A68C-4A04-991C-640F6B280F7F}.Release|Any CPU.ActiveCfg = Release|Any CPU
		{9D85ACF2-A68C-4A04-991C-640F6B280F7F}.Release|Any CPU.Build.0 = Release|Any CPU
		{24934075-31A4-4FC9-9F28-58C0FC8BC79D}.Debug|Any CPU.ActiveCfg = Debug|Any CPU
		{24934075-31A4-4FC9-9F28-58C0FC8BC79D}.Debug|Any CPU.Build.0 = Debug|Any CPU
		{24934075-31A4-4FC9-9F28-58C0FC8BC79D}.Release|Any CPU.ActiveCfg = Release|Any CPU
		{24934075-31A4-4FC9-9F28-58C0FC8BC79D}.Release|Any CPU.Build.0 = Release|Any CPU
		{CF8CDE3B-8416-4293-B215-355F772F47D6}.Debug|Any CPU.ActiveCfg = Debug|Any CPU
		{CF8CDE3B-8416-4293-B215-355F772F47D6}.Debug|Any CPU.Build.0 = Debug|Any CPU
		{CF8CDE3B-8416-4293-B215-355F772F47D6}.Release|Any CPU.ActiveCfg = Release|Any CPU
		{CF8CDE3B-8416-4293-B215-355F772F47D6}.Release|Any CPU.Build.0 = Release|Any CPU
	EndGlobalSection
	GlobalSection(SolutionProperties) = preSolution
		HideSolutionNode = FALSE
	EndGlobalSection
	GlobalSection(NestedProjects) = preSolution
		{9D85ACF2-A68C-4A04-991C-640F6B280F7F} = {2ECA88BE-4CD7-427E-AEC2-4FB4CA33997E}
		{24934075-31A4-4FC9-9F28-58C0FC8BC79D} = {2ECA88BE-4CD7-427E-AEC2-4FB4CA33997E}
		{CF8CDE3B-8416-4293-B215-355F772F47D6} = {2ECA88BE-4CD7-427E-AEC2-4FB4CA33997E}
	EndGlobalSection
EndGlobal
